github.com/luoskak/logger v0.0.1 h1:+DMpHzTZt0MemOkf1BrvKcUW8o6iwNkZarO0okJ/vPw=
github.com/luoskak/logger v0.0.1/go.mod h1:VaOClorWWoGFnfFvEbWF5Tc0QUzCiOQ1AqHEjh/I5Ys=
github.com/luoskak/mist v1.0.0 h1:WuGMdqrqEoF7urg/fv66UZTdOMtRgzn6mzoOLD94SnI=
github.com/luoskak/mist v1.0.0/go.mod h1:XTrzw8zAyBoDmIycsyy4AqO1+kPFQDwTuh+C1MvzHpE=
github.com/modern-go/reflect2 v1.0.2 h1:xBagoLtFs94CBntxluKeaWgTMpvLxC4ur3nMaC9Gz0M=
github.com/modern-go/reflect2 v1.0.2/go.mod h1:yWuevngMOJpCy52FWWMvUC8ws7m/LJsjYzDa0/r8luk=
